// !$*UTF8*$!
{
	archiveVersion = 1;
	classes = {
	};
	objectVersion = 55;
	objects = {

/* Begin PBXBuildFile section */
		90417CEA28A0DD50009A9C39 /* URLImage in Frameworks */ = {isa = PBXBuildFile; productRef = 90417CE928A0DD50009A9C39 /* URLImage */; };
		90417CEC28A0DD50009A9C39 /* URLImageStore in Frameworks */ = {isa = PBXBuildFile; productRef = 90417CEB28A0DD50009A9C39 /* URLImageStore */; };
		90417CEE28A0DEA1009A9C39 /* RandomUserView.swift in Sources */ = {isa = PBXBuildFile; fileRef = 90417CED28A0DEA1009A9C39 /* RandomUserView.swift */; };
		90417CF228A0E0C2009A9C39 /* Alamofire in Frameworks */ = {isa = PBXBuildFile; productRef = 90417CF128A0E0C2009A9C39 /* Alamofire */; };
		90417CF728A0E18F009A9C39 /* RandomUser + ResponseData.swift in Sources */ = {isa = PBXBuildFile; fileRef = 90417CF628A0E18F009A9C39 /* RandomUser + ResponseData.swift */; };
		90417CF928A0E479009A9C39 /* RandomUserViewModel.swift in Sources */ = {isa = PBXBuildFile; fileRef = 90417CF828A0E479009A9C39 /* RandomUserViewModel.swift */; };
		90DDCEAA28A0290700ECF036 /* SwiftUI_RandomUserApiApp.swift in Sources */ = {isa = PBXBuildFile; fileRef = 90DDCEA928A0290700ECF036 /* SwiftUI_RandomUserApiApp.swift */; };
		90DDCEAC28A0290700ECF036 /* ContentView.swift in Sources */ = {isa = PBXBuildFile; fileRef = 90DDCEAB28A0290700ECF036 /* ContentView.swift */; };
		90DDCEAE28A0290800ECF036 /* Assets.xcassets in Resources */ = {isa = PBXBuildFile; fileRef = 90DDCEAD28A0290800ECF036 /* Assets.xcassets */; };
		90DDCEB128A0290800ECF036 /* Preview Assets.xcassets in Resources */ = {isa = PBXBuildFile; fileRef = 90DDCEB028A0290800ECF036 /* Preview Assets.xcassets */; };
		90DDCEB828A0293500ECF036 /* ProfileImageVIew.swift in Sources */ = {isa = PBXBuildFile; fileRef = 90DDCEB728A0293500ECF036 /* ProfileImageVIew.swift */; };
/* End PBXBuildFile section */

/* Begin PBXFileReference section */
		90417CED28A0DEA1009A9C39 /* RandomUserView.swift */ = {isa = PBXFileReference; lastKnownFileType = sourcecode.swift; path = RandomUserView.swift; sourceTree = "<group>"; };
		90417CF628A0E18F009A9C39 /* RandomUser + ResponseData.swift */ = {isa = PBXFileReference; lastKnownFileType = sourcecode.swift; path = "RandomUser + ResponseData.swift"; sourceTree = "<group>"; };
		90417CF828A0E479009A9C39 /* RandomUserViewModel.swift */ = {isa = PBXFileReference; lastKnownFileType = sourcecode.swift; path = RandomUserViewModel.swift; sourceTree = "<group>"; };
		90DDCEA628A0290700ECF036 /* SwiftUI_RandomUserApi.app */ = {isa = PBXFileReference; explicitFileType = wrapper.application; includeInIndex = 0; path = SwiftUI_RandomUserApi.app; sourceTree = BUILT_PRODUCTS_DIR; };
		90DDCEA928A0290700ECF036 /* SwiftUI_RandomUserApiApp.swift */ = {isa = PBXFileReference; lastKnownFileType = sourcecode.swift; path = SwiftUI_RandomUserApiApp.swift; sourceTree = "<group>"; };
		90DDCEAB28A0290700ECF036 /* ContentView.swift */ = {isa = PBXFileReference; lastKnownFileType = sourcecode.swift; path = ContentView.swift; sourceTree = "<group>"; };
		90DDCEAD28A0290800ECF036 /* Assets.xcassets */ = {isa = PBXFileReference; lastKnownFileType = folder.assetcatalog; path = Assets.xcassets; sourceTree = "<group>"; };
		90DDCEB028A0290800ECF036 /* Preview Assets.xcassets */ = {isa = PBXFileReference; lastKnownFileType = folder.assetcatalog; path = "Preview Assets.xcassets"; sourceTree = "<group>"; };
		90DDCEB728A0293500ECF036 /* ProfileImageVIew.swift */ = {isa = PBXFileReference; lastKnownFileType = sourcecode.swift; path = ProfileImageVIew.swift; sourceTree = "<group>"; };
/* End PBXFileReference section */

/* Begin PBXFrameworksBuildPhase section */
		90DDCEA328A0290700ECF036 /* Frameworks */ = {
			isa = PBXFrameworksBuildPhase;
			buildActionMask = 2147483647;
			files = (
				90417CF228A0E0C2009A9C39 /* Alamofire in Frameworks */,
				90417CEC28A0DD50009A9C39 /* URLImageStore in Frameworks */,
				90417CEA28A0DD50009A9C39 /* URLImage in Frameworks */,
			);
			runOnlyForDeploymentPostprocessing = 0;
		};
/* End PBXFrameworksBuildPhase section */

/* Begin PBXGroup section */
		90417CEF28A0E05B009A9C39 /* UI */ = {
			isa = PBXGroup;
			children = (
				90DDCEB728A0293500ECF036 /* ProfileImageVIew.swift */,
				90417CED28A0DEA1009A9C39 /* RandomUserView.swift */,
			);
			path = UI;
			sourceTree = "<group>";
		};
		90417CF528A0E173009A9C39 /* Data */ = {
			isa = PBXGroup;
			children = (
				90417CF628A0E18F009A9C39 /* RandomUser + ResponseData.swift */,
				90417CF828A0E479009A9C39 /* RandomUserViewModel.swift */,
			);
			path = Data;
			sourceTree = "<group>";
		};
		90DDCE9D28A0290700ECF036 = {
			isa = PBXGroup;
			children = (
				90DDCEA828A0290700ECF036 /* SwiftUI_RandomUserApi */,
				90DDCEA728A0290700ECF036 /* Products */,
			);
			sourceTree = "<group>";
		};
		90DDCEA728A0290700ECF036 /* Products */ = {
			isa = PBXGroup;
			children = (
				90DDCEA628A0290700ECF036 /* SwiftUI_RandomUserApi.app */,
			);
			name = Products;
			sourceTree = "<group>";
		};
		90DDCEA828A0290700ECF036 /* SwiftUI_RandomUserApi */ = {
			isa = PBXGroup;
			children = (
				90417CF528A0E173009A9C39 /* Data */,
				90417CEF28A0E05B009A9C39 /* UI */,
				90DDCEA928A0290700ECF036 /* SwiftUI_RandomUserApiApp.swift */,
				90DDCEAB28A0290700ECF036 /* ContentView.swift */,
				90DDCEAD28A0290800ECF036 /* Assets.xcassets */,
				90DDCEAF28A0290800ECF036 /* Preview Content */,
			);
			path = SwiftUI_RandomUserApi;
			sourceTree = "<group>";
		};
		90DDCEAF28A0290800ECF036 /* Preview Content */ = {
			isa = PBXGroup;
			children = (
				90DDCEB028A0290800ECF036 /* Preview Assets.xcassets */,
			);
			path = "Preview Content";
			sourceTree = "<group>";
		};
/* End PBXGroup section */

/* Begin PBXNativeTarget section */
		90DDCEA528A0290700ECF036 /* SwiftUI_RandomUserApi */ = {
			isa = PBXNativeTarget;
			buildConfigurationList = 90DDCEB428A0290800ECF036 /* Build configuration list for PBXNativeTarget "SwiftUI_RandomUserApi" */;
			buildPhases = (
				90DDCEA228A0290700ECF036 /* Sources */,
				90DDCEA328A0290700ECF036 /* Frameworks */,
				90DDCEA428A0290700ECF036 /* Resources */,
			);
			buildRules = (
			);
			dependencies = (
			);
			name = SwiftUI_RandomUserApi;
			packageProductDependencies = (
				90417CE928A0DD50009A9C39 /* URLImage */,
				90417CEB28A0DD50009A9C39 /* URLImageStore */,
				90417CF128A0E0C2009A9C39 /* Alamofire */,
			);
			productName = SwiftUI_RandomUserApi;
			productReference = 90DDCEA628A0290700ECF036 /* SwiftUI_RandomUserApi.app */;
			productType = "com.apple.product-type.application";
		};
/* End PBXNativeTarget section */

/* Begin PBXProject section */
		90DDCE9E28A0290700ECF036 /* Project object */ = {
			isa = PBXProject;
			attributes = {
				BuildIndependentTargetsInParallel = 1;
				LastSwiftUpdateCheck = 1340;
				LastUpgradeCheck = 1340;
				TargetAttributes = {
					90DDCEA528A0290700ECF036 = {
						CreatedOnToolsVersion = 13.4.1;
					};
				};
			};
			buildConfigurationList = 90DDCEA128A0290700ECF036 /* Build configuration list for PBXProject "SwiftUI_RandomUserApi" */;
			compatibilityVersion = "Xcode 13.0";
			developmentRegion = en;
			hasScannedForEncodings = 0;
			knownRegions = (
				en,
				Base,
			);
			mainGroup = 90DDCE9D28A0290700ECF036;
			packageReferences = (
				90417CE828A0DD50009A9C39 /* XCRemoteSwiftPackageReference "url-image" */,
				90417CF028A0E0C2009A9C39 /* XCRemoteSwiftPackageReference "Alamofire" */,
			);
			productRefGroup = 90DDCEA728A0290700ECF036 /* Products */;
			projectDirPath = "";
			projectRoot = "";
			targets = (
				90DDCEA528A0290700ECF036 /* SwiftUI_RandomUserApi */,
			);
		};
/* End PBXProject section */

/* Begin PBXResourcesBuildPhase section */
		90DDCEA428A0290700ECF036 /* Resources */ = {
			isa = PBXResourcesBuildPhase;
			buildActionMask = 2147483647;
			files = (
				90DDCEB128A0290800ECF036 /* Preview Assets.xcassets in Resources */,
				90DDCEAE28A0290800ECF036 /* Assets.xcassets in Resources */,
			);
			runOnlyForDeploymentPostprocessing = 0;
		};
/* End PBXResourcesBuildPhase section */

/* Begin PBXSourcesBuildPhase section */
		90DDCEA228A0290700ECF036 /* Sources */ = {
			isa = PBXSourcesBuildPhase;
			buildActionMask = 2147483647;
			files = (
				90DDCEAC28A0290700ECF036 /* ContentView.swift in Sources */,
				90DDCEAA28A0290700ECF036 /* SwiftUI_RandomUserApiApp.swift in Sources */,
				90417CF728A0E18F009A9C39 /* RandomUser + ResponseData.swift in Sources */,
				90417CEE28A0DEA1009A9C39 /* RandomUserView.swift in Sources */,
				90417CF928A0E479009A9C39 /* RandomUserViewModel.swift in Sources */,
				90DDCEB828A0293500ECF036 /* ProfileImageVIew.swift in Sources */,
			);
			runOnlyForDeploymentPostprocessing = 0;
		};
/* End PBXSourcesBuildPhase section */

/* Begin XCBuildConfiguration section */
		90DDCEB228A0290800ECF036 /* Debug */ = {
			isa = XCBuildConfiguration;
			buildSettings = {
				ALWAYS_SEARCH_USER_PATHS = NO;
				CLANG_ANALYZER_NONNULL = YES;
				CLANG_ANALYZER_NUMBER_OBJECT_CONVERSION = YES_AGGRESSIVE;
				CLANG_CXX_LANGUAGE_STANDARD = "gnu++17";
				CLANG_ENABLE_MODULES = YES;
				CLANG_ENABLE_OBJC_ARC = YES;
				CLANG_ENABLE_OBJC_WEAK = YES;
				CLANG_WARN_BLOCK_CAPTURE_AUTORELEASING = YES;
				CLANG_WARN_BOOL_CONVERSION = YES;
				CLANG_WARN_COMMA = YES;
				CLANG_WARN_CONSTANT_CONVERSION = YES;
				CLANG_WARN_DEPRECATED_OBJC_IMPLEMENTATIONS = YES;
				CLANG_WARN_DIRECT_OBJC_ISA_USAGE = YES_ERROR;
				CLANG_WARN_DOCUMENTATION_COMMENTS = YES;
				CLANG_WARN_EMPTY_BODY = YES;
				CLANG_WARN_ENUM_CONVERSION = YES;
				CLANG_WARN_INFINITE_RECURSION = YES;
				CLANG_WARN_INT_CONVERSION = YES;
				CLANG_WARN_NON_LITERAL_NULL_CONVERSION = YES;
				CLANG_WARN_OBJC_IMPLICIT_RETAIN_SELF = YES;
				CLANG_WARN_OBJC_LITERAL_CONVERSION = YES;
				CLANG_WARN_OBJC_ROOT_CLASS = YES_ERROR;
				CLANG_WARN_QUOTED_INCLUDE_IN_FRAMEWORK_HEADER = YES;
				CLANG_WARN_RANGE_LOOP_ANALYSIS = YES;
				CLANG_WARN_STRICT_PROTOTYPES = YES;
				CLANG_WARN_SUSPICIOUS_MOVE = YES;
				CLANG_WARN_UNGUARDED_AVAILABILITY = YES_AGGRESSIVE;
				CLANG_WARN_UNREACHABLE_CODE = YES;
				CLANG_WARN__DUPLICATE_METHOD_MATCH = YES;
				COPY_PHASE_STRIP = NO;
				DEBUG_INFORMATION_FORMAT = dwarf;
				ENABLE_STRICT_OBJC_MSGSEND = YES;
				ENABLE_TESTABILITY = YES;
				"EXCLUDED_ARCHS[sdk=iphonesimulator*]" = arm64;
				GCC_C_LANGUAGE_STANDARD = gnu11;
				GCC_DYNAMIC_NO_PIC = NO;
				GCC_NO_COMMON_BLOCKS = YES;
				GCC_OPTIMIZATION_LEVEL = 0;
				GCC_PREPROCESSOR_DEFINITIONS = (
					"DEBUG=1",
					"$(inherited)",
				);
				GCC_WARN_64_TO_32_BIT_CONVERSION = YES;
				GCC_WARN_ABOUT_RETURN_TYPE = YES_ERROR;
				GCC_WARN_UNDECLARED_SELECTOR = YES;
				GCC_WARN_UNINITIALIZED_AUTOS = YES_AGGRESSIVE;
				GCC_WARN_UNUSED_FUNCTION = YES;
				GCC_WARN_UNUSED_VARIABLE = YES;
				IPHONEOS_DEPLOYMENT_TARGET = 15.5;
				MTL_ENABLE_DEBUG_INFO = INCLUDE_SOURCE;
				MTL_FAST_MATH = YES;
				ONLY_ACTIVE_ARCH = YES;
				SDKROOT = iphoneos;
				SWIFT_ACTIVE_COMPILATION_CONDITIONS = DEBUG;
				SWIFT_OPTIMIZATION_LEVEL = "-Onone";
			};
			name = Debug;
		};
		90DDCEB328A0290800ECF036 /* Release */ = {
			isa = XCBuildConfiguration;
			buildSettings = {
				ALWAYS_SEARCH_USER_PATHS = NO;
				CLANG_ANALYZER_NONNULL = YES;
				CLANG_ANALYZER_NUMBER_OBJECT_CONVERSION = YES_AGGRESSIVE;
				CLANG_CXX_LANGUAGE_STANDARD = "gnu++17";
				CLANG_ENABLE_MODULES = YES;
				CLANG_ENABLE_OBJC_ARC = YES;
				CLANG_ENABLE_OBJC_WEAK = YES;
				CLANG_WARN_BLOCK_CAPTURE_AUTORELEASING = YES;
				CLANG_WARN_BOOL_CONVERSION = YES;
				CLANG_WARN_COMMA = YES;
				CLANG_WARN_CONSTANT_CONVERSION = YES;
				CLANG_WARN_DEPRECATED_OBJC_IMPLEMENTATIONS = YES;
				CLANG_WARN_DIRECT_OBJC_ISA_USAGE = YES_ERROR;
				CLANG_WARN_DOCUMENTATION_COMMENTS = YES;
				CLANG_WARN_EMPTY_BODY = YES;
				CLANG_WARN_ENUM_CONVERSION = YES;
				CLANG_WARN_INFINITE_RECURSION = YES;
				CLANG_WARN_INT_CONVERSION = YES;
				CLANG_WARN_NON_LITERAL_NULL_CONVERSION = YES;
				CLANG_WARN_OBJC_IMPLICIT_RETAIN_SELF = YES;
				CLANG_WARN_OBJC_LITERAL_CONVERSION = YES;
				CLANG_WARN_OBJC_ROOT_CLASS = YES_ERROR;
				CLANG_WARN_QUOTED_INCLUDE_IN_FRAMEWORK_HEADER = YES;
				CLANG_WARN_RANGE_LOOP_ANALYSIS = YES;
				CLANG_WARN_STRICT_PROTOTYPES = YES;
				CLANG_WARN_SUSPICIOUS_MOVE = YES;
				CLANG_WARN_UNGUARDED_AVAILABILITY = YES_AGGRESSIVE;
				CLANG_WARN_UNREACHABLE_CODE = YES;
				CLANG_WARN__DUPLICATE_METHOD_MATCH = YES;
				COPY_PHASE_STRIP = NO;
				DEBUG_INFORMATION_FORMAT = "dwarf-with-dsym";
				ENABLE_NS_ASSERTIONS = NO;
				ENABLE_STRICT_OBJC_MSGSEND = YES;
				EXCLUDED_ARCHS = "";
				"EXCLUDED_ARCHS[sdk=iphonesimulator*]" = arm64;
				GCC_C_LANGUAGE_STANDARD = gnu11;
				GCC_NO_COMMON_BLOCKS = YES;
				GCC_WARN_64_TO_32_BIT_CONVERSION = YES;
				GCC_WARN_ABOUT_RETURN_TYPE = YES_ERROR;
				GCC_WARN_UNDECLARED_SELECTOR = YES;
				GCC_WARN_UNINITIALIZED_AUTOS = YES_AGGRESSIVE;
				GCC_WARN_UNUSED_FUNCTION = YES;
				GCC_WARN_UNUSED_VARIABLE = YES;
				IPHONEOS_DEPLOYMENT_TARGET = 15.5;
				MTL_ENABLE_DEBUG_INFO = NO;
				MTL_FAST_MATH = YES;
				ONLY_ACTIVE_ARCH = YES;
				SDKROOT = iphoneos;
				SWIFT_COMPILATION_MODE = wholemodule;
				SWIFT_OPTIMIZATION_LEVEL = "-O";
				VALIDATE_PRODUCT = YES;
			};
			name = Release;
		};
		90DDCEB528A0290800ECF036 /* Debug */ = {
			isa = XCBuildConfiguration;
			buildSettings = {
				ASSETCATALOG_COMPILER_APPICON_NAME = AppIcon;
				ASSETCATALOG_COMPILER_GLOBAL_ACCENT_COLOR_NAME = AccentColor;
				CODE_SIGN_STYLE = Automatic;
				CURRENT_PROJECT_VERSION = 1;
				DEVELOPMENT_ASSET_PATHS = "\"SwiftUI_RandomUserApi/Preview Content\"";
				DEVELOPMENT_TEAM = 63UM6H56P2;
				ENABLE_PREVIEWS = YES;
				GENERATE_INFOPLIST_FILE = YES;
				INFOPLIST_KEY_UIApplicationSceneManifest_Generation = YES;
				INFOPLIST_KEY_UIApplicationSupportsIndirectInputEvents = YES;
				INFOPLIST_KEY_UILaunchScreen_Generation = YES;
				INFOPLIST_KEY_UISupportedInterfaceOrientations_iPad = "UIInterfaceOrientationPortrait UIInterfaceOrientationPortraitUpsideDown UIInterfaceOrientationLandscapeLeft UIInterfaceOrientationLandscapeRight";
				INFOPLIST_KEY_UISupportedInterfaceOrientations_iPhone = "UIInterfaceOrientationPortrait UIInterfaceOrientationLandscapeLeft UIInterfaceOrientationLandscapeRight";
				LD_RUNPATH_SEARCH_PATHS = (
					"$(inherited)",
					"@executable_path/Frameworks",
				);
				MARKETING_VERSION = 1.0;
				PRODUCT_BUNDLE_IDENTIFIER = "com.test.SwiftUI-RandomUserApi";
				PRODUCT_NAME = "$(TARGET_NAME)";
				SWIFT_EMIT_LOC_STRINGS = YES;
				SWIFT_VERSION = 5.0;
				TARGETED_DEVICE_FAMILY = "1,2";
			};
			name = Debug;
		};
		90DDCEB628A0290800ECF036 /* Release */ = {
			isa = XCBuildConfiguration;
			buildSettings = {
				ASSETCATALOG_COMPILER_APPICON_NAME = AppIcon;
				ASSETCATALOG_COMPILER_GLOBAL_ACCENT_COLOR_NAME = AccentColor;
				CODE_SIGN_STYLE = Automatic;
				CURRENT_PROJECT_VERSION = 1;
				DEVELOPMENT_ASSET_PATHS = "\"SwiftUI_RandomUserApi/Preview Content\"";
				DEVELOPMENT_TEAM = 63UM6H56P2;
				ENABLE_PREVIEWS = YES;
				GENERATE_INFOPLIST_FILE = YES;
				INFOPLIST_KEY_UIApplicationSceneManifest_Generation = YES;
				INFOPLIST_KEY_UIApplicationSupportsIndirectInputEvents = YES;
				INFOPLIST_KEY_UILaunchScreen_Generation = YES;
				INFOPLIST_KEY_UISupportedInterfaceOrientations_iPad = "UIInterfaceOrientationPortrait UIInterfaceOrientationPortraitUpsideDown UIInterfaceOrientationLandscapeLeft UIInterfaceOrientationLandscapeRight";
				INFOPLIST_KEY_UISupportedInterfaceOrientations_iPhone = "UIInterfaceOrientationPortrait UIInterfaceOrientationLandscapeLeft UIInterfaceOrientationLandscapeRight";
				LD_RUNPATH_SEARCH_PATHS = (
					"$(inherited)",
					"@executable_path/Frameworks",
				);
				MARKETING_VERSION = 1.0;
				PRODUCT_BUNDLE_IDENTIFIER = "com.test.SwiftUI-RandomUserApi";
				PRODUCT_NAME = "$(TARGET_NAME)";
				SWIFT_EMIT_LOC_STRINGS = YES;
				SWIFT_VERSION = 5.0;
				TARGETED_DEVICE_FAMILY = "1,2";
			};
			name = Release;
		};
/* End XCBuildConfiguration section */

/* Begin XCConfigurationList section */
		90DDCEA128A0290700ECF036 /* Build configuration list for PBXProject "SwiftUI_RandomUserApi" */ = {
			isa = XCConfigurationList;
			buildConfigurations = (
				90DDCEB228A0290800ECF036 /* Debug */,
				90DDCEB328A0290800ECF036 /* Release */,
			);
			defaultConfigurationIsVisible = 0;
			defaultConfigurationName = Release;
		};
		90DDCEB428A0290800ECF036 /* Build configuration list for PBXNativeTarget "SwiftUI_RandomUserApi" */ = {
			isa = XCConfigurationList;
			buildConfigurations = (
				90DDCEB528A0290800ECF036 /* Debug */,
				90DDCEB628A0290800ECF036 /* Release */,
			);
			defaultConfigurationIsVisible = 0;
			defaultConfigurationName = Release;
		};
/* End XCConfigurationList section */

/* Begin XCRemoteSwiftPackageReference section */
		90417CE828A0DD50009A9C39 /* XCRemoteSwiftPackageReference "url-image" */ = {
			isa = XCRemoteSwiftPackageReference;
			repositoryURL = "https://github.com/dmytro-anokhin/url-image";
			requirement = {
				kind = upToNextMajorVersion;
				minimumVersion = 3.0.0;
			};
		};
		90417CF028A0E0C2009A9C39 /* XCRemoteSwiftPackageReference "Alamofire" */ = {
			isa = XCRemoteSwiftPackageReference;
			repositoryURL = "https://github.com/Alamofire/Alamofire.git";
			requirement = {
				kind = upToNextMajorVersion;
				minimumVersion = 5.0.0;
			};
		};
/* End XCRemoteSwiftPackageReference section */

/* Begin XCSwiftPackageProductDependency section */
		90417CE928A0DD50009A9C39 /* URLImage */ = {
			isa = XCSwiftPackageProductDependency;
			package = 90417CE828A0DD50009A9C39 /* XCRemoteSwiftPackageReference "url-image" */;
			productName = URLImage;
		};
		90417CEB28A0DD50009A9C39 /* URLImageStore */ = {
			isa = XCSwiftPackageProductDependency;
			package = 90417CE828A0DD50009A9C39 /* XCRemoteSwiftPackageReference "url-image" */;
			productName = URLImageStore;
		};
		90417CF128A0E0C2009A9C39 /* Alamofire */ = {
			isa = XCSwiftPackageProductDependency;
			package = 90417CF028A0E0C2009A9C39 /* XCRemoteSwiftPackageReference "Alamofire" */;
			productName = Alamofire;
		};
/* End XCSwiftPackageProductDependency section */
	};
	rootObject = 90DDCE9E28A0290700ECF036 /* Project object */;
}
